
Microsoft Visual Studio Solution File, Format Version 12.00
# Visual Studio Version 16
VisualStudioVersion = 16.0.29806.167
MinimumVisualStudioVersion = 10.0.40219.1
Project("{2150E333-8FDC-42A3-9474-1A3956D46DE8}") = "Katas", "Katas", "{960DBB7E-9EE7-4DC3-A5EC-9BCE10734EF8}"
EndProject
Project("{2150E333-8FDC-42A3-9474-1A3956D46DE8}") = "Tests", "Tests", "{6B243EB6-78A0-4BC6-A992-59FA0697B8A9}"
EndProject
Project("{2150E333-8FDC-42A3-9474-1A3956D46DE8}") = "Exercises", "Exercises", "{DA036FB6-A5F4-4C45-98C4-A7A5196634C2}"
EndProject
Project("{9A19103F-16F7-4668-BE54-9A1E7A4F7556}") = "BouncingBalls", "Katas\Exercises\BouncingBalls\BouncingBalls.csproj", "{8F63A48B-49BD-472F-95D0-319BF4558FCC}"
EndProject
Project("{9A19103F-16F7-4668-BE54-9A1E7A4F7556}") = "JadenCasingStrings", "Katas\Exercises\JadenCasingStrings\JadenCasingStrings.csproj", "{3BE23612-E077-4A3F-A118-48F7E8329655}"
EndProject
Project("{9A19103F-16F7-4668-BE54-9A1E7A4F7556}") = "Isograms", "Katas\Exercises\Isograms\Isograms.csproj", "{A9A4E80A-6FA5-40FB-B814-A11EF71620ED}"
EndProject
Project("{9A19103F-16F7-4668-BE54-9A1E7A4F7556}") = "Utils", "Katas\Utils\Utils.csproj", "{42AE0D4F-A738-431E-9485-ECC65D1230E3}"
EndProject
Project("{9A19103F-16F7-4668-BE54-9A1E7A4F7556}") = "Tests", "Tests\IsogramsTests\Tests.csproj", "{776AD41F-5B63-4D57-A61F-EBB18B1FA609}"
EndProject
Global
	GlobalSection(SolutionConfigurationPlatforms) = preSolution
		Debug|Any CPU = Debug|Any CPU
		Release|Any CPU = Release|Any CPU
	EndGlobalSection
	GlobalSection(ProjectConfigurationPlatforms) = postSolution
		{8F63A48B-49BD-472F-95D0-319BF4558FCC}.Debug|Any CPU.ActiveCfg = Debug|Any CPU
		{8F63A48B-49BD-472F-95D0-319BF4558FCC}.Debug|Any CPU.Build.0 = Debug|Any CPU
		{8F63A48B-49BD-472F-95D0-319BF4558FCC}.Release|Any CPU.ActiveCfg = Release|Any CPU
		{8F63A48B-49BD-472F-95D0-319BF4558FCC}.Release|Any CPU.Build.0 = Release|Any CPU
		{3BE23612-E077-4A3F-A118-48F7E8329655}.Debug|Any CPU.ActiveCfg = Debug|Any CPU
		{3BE23612-E077-4A3F-A118-48F7E8329655}.Debug|Any CPU.Build.0 = Debug|Any CPU
		{3BE23612-E077-4A3F-A118-48F7E8329655}.Release|Any CPU.ActiveCfg = Release|Any CPU
		{3BE23612-E077-4A3F-A118-48F7E8329655}.Release|Any CPU.Build.0 = Release|Any CPU
		{A9A4E80A-6FA5-40FB-B814-A11EF71620ED}.Debug|Any CPU.ActiveCfg = Debug|Any CPU
		{A9A4E80A-6FA5-40FB-B814-A11EF71620ED}.Debug|Any CPU.Build.0 = Debug|Any CPU
		{A9A4E80A-6FA5-40FB-B814-A11EF71620ED}.Release|Any CPU.ActiveCfg = Release|Any CPU
		{A9A4E80A-6FA5-40FB-B814-A11EF71620ED}.Release|Any CPU.Build.0 = Release|Any CPU
		{42AE0D4F-A738-431E-9485-ECC65D1230E3}.Debug|Any CPU.ActiveCfg = Debug|Any CPU
		{42AE0D4F-A738-431E-9485-ECC65D1230E3}.Debug|Any CPU.Build.0 = Debug|Any CPU
		{42AE0D4F-A738-431E-9485-ECC65D1230E3}.Release|Any CPU.ActiveCfg = Release|Any CPU
		{42AE0D4F-A738-431E-9485-ECC65D1230E3}.Release|Any CPU.Build.0 = Release|Any CPU
		{776AD41F-5B63-4D57-A61F-EBB18B1FA609}.Debug|Any CPU.ActiveCfg = Debug|Any CPU
		{776AD41F-5B63-4D57-A61F-EBB18B1FA609}.Debug|Any CPU.Build.0 = Debug|Any CPU
		{776AD41F-5B63-4D57-A61F-EBB18B1FA609}.Release|Any CPU.ActiveCfg = Release|Any CPU
		{776AD41F-5B63-4D57-A61F-EBB18B1FA609}.Release|Any CPU.Build.0 = Release|Any CPU
	EndGlobalSection
	GlobalSection(SolutionProperties) = preSolution
		HideSolutionNode = FALSE
	EndGlobalSection
	GlobalSection(NestedProjects) = preSolution
		{DA036FB6-A5F4-4C45-98C4-A7A5196634C2} = {960DBB7E-9EE7-4DC3-A5EC-9BCE10734EF8}
		{8F63A48B-49BD-472F-95D0-319BF4558FCC} = {DA036FB6-A5F4-4C45-98C4-A7A5196634C2}
		{3BE23612-E077-4A3F-A118-48F7E8329655} = {DA036FB6-A5F4-4C45-98C4-A7A5196634C2}
		{A9A4E80A-6FA5-40FB-B814-A11EF71620ED} = {DA036FB6-A5F4-4C45-98C4-A7A5196634C2}
		{42AE0D4F-A738-431E-9485-ECC65D1230E3} = {960DBB7E-9EE7-4DC3-A5EC-9BCE10734EF8}
		{776AD41F-5B63-4D57-A61F-EBB18B1FA609} = {6B243EB6-78A0-4BC6-A992-59FA0697B8A9}
	EndGlobalSection
	GlobalSection(ExtensibilityGlobals) = postSolution
		SolutionGuid = {8AAA5038-0724-41D9-A4B9-B0D6065AB44C}
	EndGlobalSection
EndGlobal
